
Microsoft Visual Studio Solution File, Format Version 12.00
# Visual Studio Version 16
VisualStudioVersion = 16.0.30114.105
MinimumVisualStudioVersion = 10.0.40219.1
Project("{9A19103F-16F7-4668-BE54-9A1E7A4F7556}") = "API", "API\API.csproj", "{44908635-39A6-47C4-B29B-868D65F20122}"
EndProject
Project("{9A19103F-16F7-4668-BE54-9A1E7A4F7556}") = "FplWagerBackend", "..\..\..\HERITORS LAB\FPL\APP\FplWagerBackend\FplWagerBackend.csproj", "{5B4B6E2E-E910-475A-8FCF-3CD5A8F8E4FF}"
EndProject
Global
	GlobalSection(SolutionConfigurationPlatforms) = preSolution
		Debug|Any CPU = Debug|Any CPU
		Debug|x64 = Debug|x64
		Debug|x86 = Debug|x86
		Release|Any CPU = Release|Any CPU
		Release|x64 = Release|x64
		Release|x86 = Release|x86
	EndGlobalSection
	GlobalSection(ProjectConfigurationPlatforms) = postSolution
		{44908635-39A6-47C4-B29B-868D65F20122}.Debug|Any CPU.ActiveCfg = Debug|Any CPU
		{44908635-39A6-47C4-B29B-868D65F20122}.Debug|Any CPU.Build.0 = Debug|Any CPU
		{44908635-39A6-47C4-B29B-868D65F20122}.Debug|x64.ActiveCfg = Debug|Any CPU
		{44908635-39A6-47C4-B29B-868D65F20122}.Debug|x64.Build.0 = Debug|Any CPU
		{44908635-39A6-47C4-B29B-868D65F20122}.Debug|x86.ActiveCfg = Debug|Any CPU
		{44908635-39A6-47C4-B29B-868D65F20122}.Debug|x86.Build.0 = Debug|Any CPU
		{44908635-39A6-47C4-B29B-868D65F20122}.Release|Any CPU.ActiveCfg = Release|Any CPU
		{44908635-39A6-47C4-B29B-868D65F20122}.Release|Any CPU.Build.0 = Release|Any CPU
		{44908635-39A6-47C4-B29B-868D65F20122}.Release|x64.ActiveCfg = Release|Any CPU
		{44908635-39A6-47C4-B29B-868D65F20122}.Release|x64.Build.0 = Release|Any CPU
		{44908635-39A6-47C4-B29B-868D65F20122}.Release|x86.ActiveCfg = Release|Any CPU
		{44908635-39A6-47C4-B29B-868D65F20122}.Release|x86.Build.0 = Release|Any CPU
		{5B4B6E2E-E910-475A-8FCF-3CD5A8F8E4FF}.Debug|Any CPU.ActiveCfg = Debug|Any CPU
		{5B4B6E2E-E910-475A-8FCF-3CD5A8F8E4FF}.Debug|Any CPU.Build.0 = Debug|Any CPU
		{5B4B6E2E-E910-475A-8FCF-3CD5A8F8E4FF}.Debug|x64.ActiveCfg = Debug|Any CPU
		{5B4B6E2E-E910-475A-8FCF-3CD5A8F8E4FF}.Debug|x64.Build.0 = Debug|Any CPU
		{5B4B6E2E-E910-475A-8FCF-3CD5A8F8E4FF}.Debug|x86.ActiveCfg = Debug|Any CPU
		{5B4B6E2E-E910-475A-8FCF-3CD5A8F8E4FF}.Debug|x86.Build.0 = Debug|Any CPU
		{5B4B6E2E-E910-475A-8FCF-3CD5A8F8E4FF}.Release|Any CPU.ActiveCfg = Release|Any CPU
		{5B4B6E2E-E910-475A-8FCF-3CD5A8F8E4FF}.Release|Any CPU.Build.0 = Release|Any CPU
		{5B4B6E2E-E910-475A-8FCF-3CD5A8F8E4FF}.Release|x64.ActiveCfg = Release|Any CPU
		{5B4B6E2E-E910-475A-8FCF-3CD5A8F8E4FF}.Release|x64.Build.0 = Release|Any CPU
		{5B4B6E2E-E910-475A-8FCF-3CD5A8F8E4FF}.Release|x86.ActiveCfg = Release|Any CPU
		{5B4B6E2E-E910-475A-8FCF-3CD5A8F8E4FF}.Release|x86.Build.0 = Release|Any CPU
	EndGlobalSection
	GlobalSection(SolutionProperties) = preSolution
		HideSolutionNode = FALSE
	EndGlobalSection
	GlobalSection(ExtensibilityGlobals) = postSolution
		SolutionGuid = {70A6E59C-6F07-4C05-9744-EE65BD5075FF}
	EndGlobalSection
EndGlobal
